
Microsoft Visual Studio Solution File, Format Version 12.00
# Visual Studio Version 17
VisualStudioVersion = 17.14.36623.8 d17.14
MinimumVisualStudioVersion = 10.0.40219.1
Project("{888888A0-9F3D-457C-B088-3A5042F75D52}") = "silo_app", "silo_app\silo_app.pyproj", "{BED7BA7E-DAFA-4316-9C34-75318C375714}"
EndProject
Global
	GlobalSection(SolutionConfigurationPlatforms) = preSolution
		Debug|Any CPU = Debug|Any CPU
		Release|Any CPU = Release|Any CPU
	EndGlobalSection
	GlobalSection(ProjectConfigurationPlatforms) = postSolution
		{BED7BA7E-DAFA-4316-9C34-75318C375714}.Debug|Any CPU.ActiveCfg = Debug|Any CPU
		{BED7BA7E-DAFA-4316-9C34-75318C375714}.Release|Any CPU.ActiveCfg = Release|Any CPU
	EndGlobalSection
	GlobalSection(SolutionProperties) = preSolution
		HideSolutionNode = FALSE
	EndGlobalSection
	GlobalSection(ExtensibilityGlobals) = postSolution
		SolutionGuid = {8CB12F27-ECA1-4343-AFB0-6F1C3A5D36BF}
	EndGlobalSection
EndGlobal
